{
  "name": "project-guardian",
  "version": "0.5.1",
  "lockfileVersion": 3,
  "requires": true,
  "packages": {
    "": {
      "name": "project-guardian",
      "version": "0.5.1",
      "license": "MIT",
      "bin": {
        "guardian": "plugins/project-guardian/scripts/guardian.js",
        "guardian-cmd": "plugins/project-guardian/cmd/guardian-cmd.js",
        "project-guardian": "plugins/project-guardian/scripts/guardian.js"
      },
      "engines": {
        "node": ">=18"
      }
    }
  }
}
